PODS:
  - MBProgressHUD (1.0.0)
  - SWXMLHash (3.0.2)

DEPENDENCIES:
  - MBProgressHUD (~> 1.0.0)
  - SWXMLHash (~> 3.0.0)

SPEC CHECKSUMS:
  MBProgressHUD: 4890f671c94e8a0f3cf959aa731e9de2f036d71a
  SWXMLHash: e0f6935971f01b06fb228cf435510d998ecde647

PODFILE CHECKSUM: eb12fa2f4c5538a67fa5110fbb3d7014cb16804c

COCOAPODS: 1.1.0.rc.2
